
Microsoft Visual Studio Solution File, Format Version 12.00
# Visual Studio Version 17
VisualStudioVersion = 17.11.35219.272
MinimumVisualStudioVersion = 10.0.40219.1
Project("{9A19103F-16F7-4668-BE54-9A1E7A4F7556}") = "LandLander.Api", "LandLander\LandLander.Api.csproj", "{BFA90776-C067-4763-9C2A-57A084BAD49D}"
EndProject
Project("{2150E333-8FDC-42A3-9474-1A3956D46DE8}") = "Solution Items", "Solution Items", "{9B1DA940-7F08-4049-8241-1AD6A918D025}"
EndProject
Project("{9A19103F-16F7-4668-BE54-9A1E7A4F7556}") = "LandLander.Core", "Core\LandLander.Core.csproj", "{94FB92ED-9FC6-4F8F-A4EE-8DA21D2890E1}"
EndProject
Project("{9A19103F-16F7-4668-BE54-9A1E7A4F7556}") = "LandLander.Services", "LandLander.Services\LandLander.Services.csproj", "{92375FBB-3633-4633-83DD-3763EC82C4BC}"
EndProject
Project("{2150E333-8FDC-42A3-9474-1A3956D46DE8}") = "src", "src", "{8DAABCFA-20DB-46C9-828D-6F499E3D9D6A}"
EndProject
Project("{2150E333-8FDC-42A3-9474-1A3956D46DE8}") = "Modules", "Modules", "{A38BF395-186C-44B0-A35F-92503C11404C}"
EndProject
Project("{2150E333-8FDC-42A3-9474-1A3956D46DE8}") = "Users", "Users", "{D7965484-9E94-4FB5-B37C-F34C81068003}"
EndProject
Project("{FAE04EC0-301F-11D3-BF4B-00C04F79EFBC}") = "Module.Services", "Module.Services\Module.Services.csproj", "{AAACD2CF-2116-4696-A73A-D384D112B309}"
EndProject
Project("{FAE04EC0-301F-11D3-BF4B-00C04F79EFBC}") = "Module.Api", "Module.Api\Module.Api.csproj", "{2BE2B12D-AAA6-4EA6-A851-021040805467}"
EndProject
Project("{FAE04EC0-301F-11D3-BF4B-00C04F79EFBC}") = "Module.Domain", "Module.Domain\Module.Domain.csproj", "{B5C60571-9DE9-4EC9-A0F4-D874187ACA4D}"
EndProject
Project("{2150E333-8FDC-42A3-9474-1A3956D46DE8}") = "Roles", "Roles", "{38D66146-098A-4D34-96B2-A37800AB98E4}"
EndProject
Project("{FAE04EC0-301F-11D3-BF4B-00C04F79EFBC}") = "Module.Roles.Api", "Module.Role.Api\Module.Roles.Api.csproj", "{72BFC93D-61E1-4BF2-9E21-DA00AD49E992}"
EndProject
Project("{FAE04EC0-301F-11D3-BF4B-00C04F79EFBC}") = "Module.Roles.Domain", "Module.Role.Domain\Module.Roles.Domain.csproj", "{95B2A451-4EAA-4B5D-B0F1-C4653E0275D3}"
EndProject
Project("{FAE04EC0-301F-11D3-BF4B-00C04F79EFBC}") = "Module.Roles.Services", "Module.Role.Services\Module.Roles.Services.csproj", "{6201D671-295E-4A37-BB7B-CB31239E0374}"
EndProject
Project("{2150E333-8FDC-42A3-9474-1A3956D46DE8}") = "Rentals", "Rentals", "{7019F3DE-B6F0-44CB-9780-4F9AE5B60166}"
EndProject
Project("{FAE04EC0-301F-11D3-BF4B-00C04F79EFBC}") = "Module.Rental.Api", "Module.Rental.Api\Module.Rental.Api.csproj", "{136B0ABC-A3C6-495F-82E9-32F29190C19F}"
EndProject
Project("{FAE04EC0-301F-11D3-BF4B-00C04F79EFBC}") = "Module.Rental.Domain", "Module.Rental.Domain\Module.Rental.Domain.csproj", "{69274ED9-7949-40CF-A370-90234727D31A}"
EndProject
Project("{FAE04EC0-301F-11D3-BF4B-00C04F79EFBC}") = "Module.Rental.Services", "Module.Rental.Services\Module.Rental.Services.csproj", "{9411D46F-3EE0-4239-8163-580178996935}"
EndProject
Project("{2150E333-8FDC-42A3-9474-1A3956D46DE8}") = "Messages", "Messages", "{BF48159C-8F83-4C83-B8E1-FC5EF0F4D5D3}"
EndProject
Project("{FAE04EC0-301F-11D3-BF4B-00C04F79EFBC}") = "Module.Message.Api", "Module.Message.Api\Module.Message.Api.csproj", "{F7FC3194-FFE1-4C98-B1E7-D67039F3EE58}"
EndProject
Project("{FAE04EC0-301F-11D3-BF4B-00C04F79EFBC}") = "Module.Message.Domain", "Module.Message.Domain\Module.Message.Domain.csproj", "{09F217AF-19DC-4252-B3E2-A219EDB757BE}"
EndProject
Global
	GlobalSection(SolutionConfigurationPlatforms) = preSolution
		Debug|Any CPU = Debug|Any CPU
		Release|Any CPU = Release|Any CPU
	EndGlobalSection
	GlobalSection(ProjectConfigurationPlatforms) = postSolution
		{BFA90776-C067-4763-9C2A-57A084BAD49D}.Debug|Any CPU.ActiveCfg = Debug|Any CPU
		{BFA90776-C067-4763-9C2A-57A084BAD49D}.Debug|Any CPU.Build.0 = Debug|Any CPU
		{BFA90776-C067-4763-9C2A-57A084BAD49D}.Release|Any CPU.ActiveCfg = Release|Any CPU
		{BFA90776-C067-4763-9C2A-57A084BAD49D}.Release|Any CPU.Build.0 = Release|Any CPU
		{94FB92ED-9FC6-4F8F-A4EE-8DA21D2890E1}.Debug|Any CPU.ActiveCfg = Debug|Any CPU
		{94FB92ED-9FC6-4F8F-A4EE-8DA21D2890E1}.Debug|Any CPU.Build.0 = Debug|Any CPU
		{94FB92ED-9FC6-4F8F-A4EE-8DA21D2890E1}.Release|Any CPU.ActiveCfg = Release|Any CPU
		{94FB92ED-9FC6-4F8F-A4EE-8DA21D2890E1}.Release|Any CPU.Build.0 = Release|Any CPU
		{92375FBB-3633-4633-83DD-3763EC82C4BC}.Debug|Any CPU.ActiveCfg = Debug|Any CPU
		{92375FBB-3633-4633-83DD-3763EC82C4BC}.Debug|Any CPU.Build.0 = Debug|Any CPU
		{92375FBB-3633-4633-83DD-3763EC82C4BC}.Release|Any CPU.ActiveCfg = Release|Any CPU
		{92375FBB-3633-4633-83DD-3763EC82C4BC}.Release|Any CPU.Build.0 = Release|Any CPU
		{AAACD2CF-2116-4696-A73A-D384D112B309}.Debug|Any CPU.ActiveCfg = Debug|Any CPU
		{AAACD2CF-2116-4696-A73A-D384D112B309}.Debug|Any CPU.Build.0 = Debug|Any CPU
		{AAACD2CF-2116-4696-A73A-D384D112B309}.Release|Any CPU.ActiveCfg = Release|Any CPU
		{AAACD2CF-2116-4696-A73A-D384D112B309}.Release|Any CPU.Build.0 = Release|Any CPU
		{2BE2B12D-AAA6-4EA6-A851-021040805467}.Debug|Any CPU.ActiveCfg = Debug|Any CPU
		{2BE2B12D-AAA6-4EA6-A851-021040805467}.Debug|Any CPU.Build.0 = Debug|Any CPU
		{2BE2B12D-AAA6-4EA6-A851-021040805467}.Release|Any CPU.ActiveCfg = Release|Any CPU
		{2BE2B12D-AAA6-4EA6-A851-021040805467}.Release|Any CPU.Build.0 = Release|Any CPU
		{B5C60571-9DE9-4EC9-A0F4-D874187ACA4D}.Debug|Any CPU.ActiveCfg = Debug|Any CPU
		{B5C60571-9DE9-4EC9-A0F4-D874187ACA4D}.Debug|Any CPU.Build.0 = Debug|Any CPU
		{B5C60571-9DE9-4EC9-A0F4-D874187ACA4D}.Release|Any CPU.ActiveCfg = Release|Any CPU
		{B5C60571-9DE9-4EC9-A0F4-D874187ACA4D}.Release|Any CPU.Build.0 = Release|Any CPU
		{72BFC93D-61E1-4BF2-9E21-DA00AD49E992}.Debug|Any CPU.ActiveCfg = Debug|Any CPU
		{72BFC93D-61E1-4BF2-9E21-DA00AD49E992}.Debug|Any CPU.Build.0 = Debug|Any CPU
		{72BFC93D-61E1-4BF2-9E21-DA00AD49E992}.Release|Any CPU.ActiveCfg = Release|Any CPU
		{72BFC93D-61E1-4BF2-9E21-DA00AD49E992}.Release|Any CPU.Build.0 = Release|Any CPU
		{95B2A451-4EAA-4B5D-B0F1-C4653E0275D3}.Debug|Any CPU.ActiveCfg = Debug|Any CPU
		{95B2A451-4EAA-4B5D-B0F1-C4653E0275D3}.Debug|Any CPU.Build.0 = Debug|Any CPU
		{95B2A451-4EAA-4B5D-B0F1-C4653E0275D3}.Release|Any CPU.ActiveCfg = Release|Any CPU
		{95B2A451-4EAA-4B5D-B0F1-C4653E0275D3}.Release|Any CPU.Build.0 = Release|Any CPU
		{6201D671-295E-4A37-BB7B-CB31239E0374}.Debug|Any CPU.ActiveCfg = Debug|Any CPU
		{6201D671-295E-4A37-BB7B-CB31239E0374}.Debug|Any CPU.Build.0 = Debug|Any CPU
		{6201D671-295E-4A37-BB7B-CB31239E0374}.Release|Any CPU.ActiveCfg = Release|Any CPU
		{6201D671-295E-4A37-BB7B-CB31239E0374}.Release|Any CPU.Build.0 = Release|Any CPU
		{136B0ABC-A3C6-495F-82E9-32F29190C19F}.Debug|Any CPU.ActiveCfg = Debug|Any CPU
		{136B0ABC-A3C6-495F-82E9-32F29190C19F}.Debug|Any CPU.Build.0 = Debug|Any CPU
		{136B0ABC-A3C6-495F-82E9-32F29190C19F}.Release|Any CPU.ActiveCfg = Release|Any CPU
		{136B0ABC-A3C6-495F-82E9-32F29190C19F}.Release|Any CPU.Build.0 = Release|Any CPU
		{69274ED9-7949-40CF-A370-90234727D31A}.Debug|Any CPU.ActiveCfg = Debug|Any CPU
		{69274ED9-7949-40CF-A370-90234727D31A}.Debug|Any CPU.Build.0 = Debug|Any CPU
		{69274ED9-7949-40CF-A370-90234727D31A}.Release|Any CPU.ActiveCfg = Release|Any CPU
		{69274ED9-7949-40CF-A370-90234727D31A}.Release|Any CPU.Build.0 = Release|Any CPU
		{9411D46F-3EE0-4239-8163-580178996935}.Debug|Any CPU.ActiveCfg = Debug|Any CPU
		{9411D46F-3EE0-4239-8163-580178996935}.Debug|Any CPU.Build.0 = Debug|Any CPU
		{9411D46F-3EE0-4239-8163-580178996935}.Release|Any CPU.ActiveCfg = Release|Any CPU
		{9411D46F-3EE0-4239-8163-580178996935}.Release|Any CPU.Build.0 = Release|Any CPU
		{F7FC3194-FFE1-4C98-B1E7-D67039F3EE58}.Debug|Any CPU.ActiveCfg = Debug|Any CPU
		{F7FC3194-FFE1-4C98-B1E7-D67039F3EE58}.Debug|Any CPU.Build.0 = Debug|Any CPU
		{F7FC3194-FFE1-4C98-B1E7-D67039F3EE58}.Release|Any CPU.ActiveCfg = Release|Any CPU
		{F7FC3194-FFE1-4C98-B1E7-D67039F3EE58}.Release|Any CPU.Build.0 = Release|Any CPU
		{09F217AF-19DC-4252-B3E2-A219EDB757BE}.Debug|Any CPU.ActiveCfg = Debug|Any CPU
		{09F217AF-19DC-4252-B3E2-A219EDB757BE}.Debug|Any CPU.Build.0 = Debug|Any CPU
		{09F217AF-19DC-4252-B3E2-A219EDB757BE}.Release|Any CPU.ActiveCfg = Release|Any CPU
		{09F217AF-19DC-4252-B3E2-A219EDB757BE}.Release|Any CPU.Build.0 = Release|Any CPU
	EndGlobalSection
	GlobalSection(SolutionProperties) = preSolution
		HideSolutionNode = FALSE
	EndGlobalSection
	GlobalSection(NestedProjects) = preSolution
		{A38BF395-186C-44B0-A35F-92503C11404C} = {8DAABCFA-20DB-46C9-828D-6F499E3D9D6A}
		{D7965484-9E94-4FB5-B37C-F34C81068003} = {A38BF395-186C-44B0-A35F-92503C11404C}
		{AAACD2CF-2116-4696-A73A-D384D112B309} = {D7965484-9E94-4FB5-B37C-F34C81068003}
		{2BE2B12D-AAA6-4EA6-A851-021040805467} = {D7965484-9E94-4FB5-B37C-F34C81068003}
		{B5C60571-9DE9-4EC9-A0F4-D874187ACA4D} = {D7965484-9E94-4FB5-B37C-F34C81068003}
		{38D66146-098A-4D34-96B2-A37800AB98E4} = {A38BF395-186C-44B0-A35F-92503C11404C}
		{72BFC93D-61E1-4BF2-9E21-DA00AD49E992} = {38D66146-098A-4D34-96B2-A37800AB98E4}
		{95B2A451-4EAA-4B5D-B0F1-C4653E0275D3} = {38D66146-098A-4D34-96B2-A37800AB98E4}
		{6201D671-295E-4A37-BB7B-CB31239E0374} = {38D66146-098A-4D34-96B2-A37800AB98E4}
		{7019F3DE-B6F0-44CB-9780-4F9AE5B60166} = {A38BF395-186C-44B0-A35F-92503C11404C}
		{136B0ABC-A3C6-495F-82E9-32F29190C19F} = {7019F3DE-B6F0-44CB-9780-4F9AE5B60166}
		{69274ED9-7949-40CF-A370-90234727D31A} = {7019F3DE-B6F0-44CB-9780-4F9AE5B60166}
		{9411D46F-3EE0-4239-8163-580178996935} = {7019F3DE-B6F0-44CB-9780-4F9AE5B60166}
		{BF48159C-8F83-4C83-B8E1-FC5EF0F4D5D3} = {A38BF395-186C-44B0-A35F-92503C11404C}
		{F7FC3194-FFE1-4C98-B1E7-D67039F3EE58} = {BF48159C-8F83-4C83-B8E1-FC5EF0F4D5D3}
		{09F217AF-19DC-4252-B3E2-A219EDB757BE} = {BF48159C-8F83-4C83-B8E1-FC5EF0F4D5D3}
	EndGlobalSection
	GlobalSection(ExtensibilityGlobals) = postSolution
		SolutionGuid = {B27B8766-2356-4B8B-9FEC-62633FDBA6D1}
	EndGlobalSection
EndGlobal
